
Microsoft Visual Studio Solution File, Format Version 12.00
# Visual Studio Version 17
VisualStudioVersion = 17.9.34728.123
MinimumVisualStudioVersion = 10.0.40219.1
Project("{FAE04EC0-301F-11D3-BF4B-00C04F79EFBC}") = "EPApp", "EPApp.csproj", "{9AEC3B7A-8811-4C63-A50A-34B24476A5D7}"
EndProject
Project("{FAE04EC0-301F-11D3-BF4B-00C04F79EFBC}") = "ClassLibrary1", "..\ClassLibrary1\ClassLibrary1.csproj", "{713652A3-0F67-4B7E-9C93-65D966FD5AD7}"
EndProject
Project("{FAE04EC0-301F-11D3-BF4B-00C04F79EFBC}") = "tests", "..\tests\tests.csproj", "{1571AF61-86C6-4118-ADD9-AB48A77BED7B}"
EndProject
Global
	GlobalSection(SolutionConfigurationPlatforms) = preSolution
		Debug|Any CPU = Debug|Any CPU
		Release|Any CPU = Release|Any CPU
	EndGlobalSection
	GlobalSection(ProjectConfigurationPlatforms) = postSolution
		{9AEC3B7A-8811-4C63-A50A-34B24476A5D7}.Debug|Any CPU.ActiveCfg = Debug|Any CPU
		{9AEC3B7A-8811-4C63-A50A-34B24476A5D7}.Debug|Any CPU.Build.0 = Debug|Any CPU
		{9AEC3B7A-8811-4C63-A50A-34B24476A5D7}.Release|Any CPU.ActiveCfg = Release|Any CPU
		{9AEC3B7A-8811-4C63-A50A-34B24476A5D7}.Release|Any CPU.Build.0 = Release|Any CPU
		{713652A3-0F67-4B7E-9C93-65D966FD5AD7}.Debug|Any CPU.ActiveCfg = Debug|Any CPU
		{713652A3-0F67-4B7E-9C93-65D966FD5AD7}.Debug|Any CPU.Build.0 = Debug|Any CPU
		{713652A3-0F67-4B7E-9C93-65D966FD5AD7}.Release|Any CPU.ActiveCfg = Release|Any CPU
		{713652A3-0F67-4B7E-9C93-65D966FD5AD7}.Release|Any CPU.Build.0 = Release|Any CPU
		{1571AF61-86C6-4118-ADD9-AB48A77BED7B}.Debug|Any CPU.ActiveCfg = Debug|Any CPU
		{1571AF61-86C6-4118-ADD9-AB48A77BED7B}.Debug|Any CPU.Build.0 = Debug|Any CPU
		{1571AF61-86C6-4118-ADD9-AB48A77BED7B}.Release|Any CPU.ActiveCfg = Release|Any CPU
		{1571AF61-86C6-4118-ADD9-AB48A77BED7B}.Release|Any CPU.Build.0 = Release|Any CPU
	EndGlobalSection
	GlobalSection(SolutionProperties) = preSolution
		HideSolutionNode = FALSE
	EndGlobalSection
	GlobalSection(ExtensibilityGlobals) = postSolution
		SolutionGuid = {142933A7-3C4E-4BE7-8AD0-B322D09C12F7}
	EndGlobalSection
EndGlobal
