
Microsoft Visual Studio Solution File, Format Version 12.00
# Visual Studio Version 17
VisualStudioVersion = 17.13.35931.197
MinimumVisualStudioVersion = 10.0.40219.1
Project("{FAE04EC0-301F-11D3-BF4B-00C04F79EFBC}") = "ConsoleApp1", "ConsoleApp1\ConsoleApp1.csproj", "{F8F83105-1A05-4923-A3E9-022E58332D2A}"
EndProject
Project("{FAE04EC0-301F-11D3-BF4B-00C04F79EFBC}") = "MatrixLibrary", "MatrixLibrary\MatrixLibrary.csproj", "{805D728B-416E-4EC6-B380-FD2D78C82177}"
EndProject
Project("{FAE04EC0-301F-11D3-BF4B-00C04F79EFBC}") = "MatrixExceptions", "MatrixExceptions\MatrixExceptions.csproj", "{50EABDB6-3A74-4EF4-85B2-F45BDB7B9590}"
EndProject
Project("{FAE04EC0-301F-11D3-BF4B-00C04F79EFBC}") = "MatrixTests", "MatrixTests\MatrixTests.csproj", "{9904407F-0FF8-4867-AD1A-9A7D0A545A96}"
EndProject
Project("{FAE04EC0-301F-11D3-BF4B-00C04F79EFBC}") = "MatrixWPFApp", "MatrixWPFApp\MatrixWPFApp.csproj", "{F2FC5CAC-7F0C-40BB-B6AA-38B7DE9CABAC}"
EndProject
Global
	GlobalSection(SolutionConfigurationPlatforms) = preSolution
		Debug|Any CPU = Debug|Any CPU
		Release|Any CPU = Release|Any CPU
	EndGlobalSection
	GlobalSection(ProjectConfigurationPlatforms) = postSolution
		{F8F83105-1A05-4923-A3E9-022E58332D2A}.Debug|Any CPU.ActiveCfg = Debug|Any CPU
		{F8F83105-1A05-4923-A3E9-022E58332D2A}.Debug|Any CPU.Build.0 = Debug|Any CPU
		{F8F83105-1A05-4923-A3E9-022E58332D2A}.Release|Any CPU.ActiveCfg = Release|Any CPU
		{F8F83105-1A05-4923-A3E9-022E58332D2A}.Release|Any CPU.Build.0 = Release|Any CPU
		{805D728B-416E-4EC6-B380-FD2D78C82177}.Debug|Any CPU.ActiveCfg = Debug|Any CPU
		{805D728B-416E-4EC6-B380-FD2D78C82177}.Debug|Any CPU.Build.0 = Debug|Any CPU
		{805D728B-416E-4EC6-B380-FD2D78C82177}.Release|Any CPU.ActiveCfg = Release|Any CPU
		{805D728B-416E-4EC6-B380-FD2D78C82177}.Release|Any CPU.Build.0 = Release|Any CPU
		{50EABDB6-3A74-4EF4-85B2-F45BDB7B9590}.Debug|Any CPU.ActiveCfg = Debug|Any CPU
		{50EABDB6-3A74-4EF4-85B2-F45BDB7B9590}.Debug|Any CPU.Build.0 = Debug|Any CPU
		{50EABDB6-3A74-4EF4-85B2-F45BDB7B9590}.Release|Any CPU.ActiveCfg = Release|Any CPU
		{50EABDB6-3A74-4EF4-85B2-F45BDB7B9590}.Release|Any CPU.Build.0 = Release|Any CPU
		{9904407F-0FF8-4867-AD1A-9A7D0A545A96}.Debug|Any CPU.ActiveCfg = Debug|Any CPU
		{9904407F-0FF8-4867-AD1A-9A7D0A545A96}.Debug|Any CPU.Build.0 = Debug|Any CPU
		{9904407F-0FF8-4867-AD1A-9A7D0A545A96}.Release|Any CPU.ActiveCfg = Release|Any CPU
		{9904407F-0FF8-4867-AD1A-9A7D0A545A96}.Release|Any CPU.Build.0 = Release|Any CPU
		{F2FC5CAC-7F0C-40BB-B6AA-38B7DE9CABAC}.Debug|Any CPU.ActiveCfg = Debug|Any CPU
		{F2FC5CAC-7F0C-40BB-B6AA-38B7DE9CABAC}.Debug|Any CPU.Build.0 = Debug|Any CPU
		{F2FC5CAC-7F0C-40BB-B6AA-38B7DE9CABAC}.Release|Any CPU.ActiveCfg = Release|Any CPU
		{F2FC5CAC-7F0C-40BB-B6AA-38B7DE9CABAC}.Release|Any CPU.Build.0 = Release|Any CPU
	EndGlobalSection
	GlobalSection(SolutionProperties) = preSolution
		HideSolutionNode = FALSE
	EndGlobalSection
	GlobalSection(ExtensibilityGlobals) = postSolution
		SolutionGuid = {BD326C96-B9FE-4C68-861E-706AE619A586}
	EndGlobalSection
EndGlobal
